
Microsoft Visual Studio Solution File, Format Version 12.00
# Visual Studio Version 16
VisualStudioVersion = 16.0.30330.147
MinimumVisualStudioVersion = 10.0.40219.1
Project("{8BC9CEB8-8B4A-11D0-8D11-00A0C91BC942}") = "Tetris Game Project", "Tetris Game Project\Tetris Game Project.vcxproj", "{6A0A09D3-C2B0-420A-B13F-8BFB9DBCA76E}"
EndProject
Global
	GlobalSection(SolutionConfigurationPlatforms) = preSolution
		Debug|x64 = Debug|x64
		Debug|x86 = Debug|x86
		Release|x64 = Release|x64
		Release|x86 = Release|x86
	EndGlobalSection
	GlobalSection(ProjectConfigurationPlatforms) = postSolution
		{6A0A09D3-C2B0-420A-B13F-8BFB9DBCA76E}.Debug|x64.ActiveCfg = Debug|x64
		{6A0A09D3-C2B0-420A-B13F-8BFB9DBCA76E}.Debug|x64.Build.0 = Debug|x64
		{6A0A09D3-C2B0-420A-B13F-8BFB9DBCA76E}.Debug|x86.ActiveCfg = Debug|Win32
		{6A0A09D3-C2B0-420A-B13F-8BFB9DBCA76E}.Debug|x86.Build.0 = Debug|Win32
		{6A0A09D3-C2B0-420A-B13F-8BFB9DBCA76E}.Release|x64.ActiveCfg = Release|x64
		{6A0A09D3-C2B0-420A-B13F-8BFB9DBCA76E}.Release|x64.Build.0 = Release|x64
		{6A0A09D3-C2B0-420A-B13F-8BFB9DBCA76E}.Release|x86.ActiveCfg = Release|Win32
		{6A0A09D3-C2B0-420A-B13F-8BFB9DBCA76E}.Release|x86.Build.0 = Release|Win32
	EndGlobalSection
	GlobalSection(SolutionProperties) = preSolution
		HideSolutionNode = FALSE
	EndGlobalSection
	GlobalSection(ExtensibilityGlobals) = postSolution
		SolutionGuid = {06D2E879-2E91-41EB-88B1-2A62EF6DDE31}
	EndGlobalSection
EndGlobal
